
Microsoft Visual Studio Solution File, Format Version 12.00
# Visual Studio 15
VisualStudioVersion = 15.0.28307.539
MinimumVisualStudioVersion = 10.0.40219.1
Project("{FAE04EC0-301F-11D3-BF4B-00C04F79EFBC}") = "VOiP_Communicator", "VOiP_Communicator.csproj", "{767B3C95-B773-43AE-9756-203BBF2F049D}"
EndProject
Global
	GlobalSection(SolutionConfigurationPlatforms) = preSolution
		Debug|Any CPU = Debug|Any CPU
		Release|Any CPU = Release|Any CPU
	EndGlobalSection
	GlobalSection(ProjectConfigurationPlatforms) = postSolution
		{767B3C95-B773-43AE-9756-203BBF2F049D}.Debug|Any CPU.ActiveCfg = Debug|Any CPU
		{767B3C95-B773-43AE-9756-203BBF2F049D}.Debug|Any CPU.Build.0 = Debug|Any CPU
		{767B3C95-B773-43AE-9756-203BBF2F049D}.Release|Any CPU.ActiveCfg = Release|Any CPU
		{767B3C95-B773-43AE-9756-203BBF2F049D}.Release|Any CPU.Build.0 = Release|Any CPU
	EndGlobalSection
	GlobalSection(SolutionProperties) = preSolution
		HideSolutionNode = FALSE
	EndGlobalSection
	GlobalSection(ExtensibilityGlobals) = postSolution
		SolutionGuid = {B9E25BD6-EC4F-4B3D-BC9B-06523B3A77CD}
	EndGlobalSection
EndGlobal
